
Microsoft Visual Studio Solution File, Format Version 12.00
# Visual Studio Version 17
VisualStudioVersion = 17.3.32922.545
MinimumVisualStudioVersion = 10.0.40219.1
Project("{9A19103F-16F7-4668-BE54-9A1E7A4F7556}") = "TrilhaApiDesafio", "TrilhaApiDesafio.csproj", "{A7A46820-13EA-48E4-98C8-66DDF8F1310F}"
EndProject
Global
	GlobalSection(SolutionConfigurationPlatforms) = preSolution
		Debug|Any CPU = Debug|Any CPU
		Release|Any CPU = Release|Any CPU
	EndGlobalSection
	GlobalSection(ProjectConfigurationPlatforms) = postSolution
		{A7A46820-13EA-48E4-98C8-66DDF8F1310F}.Debug|Any CPU.ActiveCfg = Debug|Any CPU
		{A7A46820-13EA-48E4-98C8-66DDF8F1310F}.Debug|Any CPU.Build.0 = Debug|Any CPU
		{A7A46820-13EA-48E4-98C8-66DDF8F1310F}.Release|Any CPU.ActiveCfg = Release|Any CPU
		{A7A46820-13EA-48E4-98C8-66DDF8F1310F}.Release|Any CPU.Build.0 = Release|Any CPU
	EndGlobalSection
	GlobalSection(SolutionProperties) = preSolution
		HideSolutionNode = FALSE
	EndGlobalSection
	GlobalSection(ExtensibilityGlobals) = postSolution
		SolutionGuid = {6347458C-AB40-4DF6-A296-1679E2CE09ED}
	EndGlobalSection
EndGlobal
